
Microsoft Visual Studio Solution File, Format Version 12.00
# Visual Studio Version 16
VisualStudioVersion = 16.0.29020.237
MinimumVisualStudioVersion = 10.0.40219.1
Project("{FAE04EC0-301F-11D3-BF4B-00C04F79EFBC}") = "ReputationProvider", "ReputationProvider\ReputationProvider.csproj", "{8259127F-3D99-4192-B99D-F40F999EC440}"
EndProject
Global
	GlobalSection(SolutionConfigurationPlatforms) = preSolution
		Debug|Any CPU = Debug|Any CPU
		Release|Any CPU = Release|Any CPU
	EndGlobalSection
	GlobalSection(ProjectConfigurationPlatforms) = postSolution
		{8259127F-3D99-4192-B99D-F40F999EC440}.Debug|Any CPU.ActiveCfg = Debug|Any CPU
		{8259127F-3D99-4192-B99D-F40F999EC440}.Debug|Any CPU.Build.0 = Debug|Any CPU
		{8259127F-3D99-4192-B99D-F40F999EC440}.Release|Any CPU.ActiveCfg = Release|Any CPU
		{8259127F-3D99-4192-B99D-F40F999EC440}.Release|Any CPU.Build.0 = Release|Any CPU
	EndGlobalSection
	GlobalSection(SolutionProperties) = preSolution
		HideSolutionNode = FALSE
	EndGlobalSection
	GlobalSection(ExtensibilityGlobals) = postSolution
		SolutionGuid = {146EDB53-F3EB-4452-BA26-B4B196BE3C48}
	EndGlobalSection
EndGlobal
